
Microsoft Visual Studio Solution File, Format Version 12.00
# Visual Studio Version 17
VisualStudioVersion = 17.5.33530.505
MinimumVisualStudioVersion = 10.0.40219.1
Project("{FAE04EC0-301F-11D3-BF4B-00C04F79EFBC}") = "Prueba", "Prueba\Prueba.csproj", "{CCE9E6B3-9610-4016-A809-D621F4FB2E2B}"
EndProject
Global
	GlobalSection(SolutionConfigurationPlatforms) = preSolution
		Debug|Any CPU = Debug|Any CPU
		Release|Any CPU = Release|Any CPU
	EndGlobalSection
	GlobalSection(ProjectConfigurationPlatforms) = postSolution
		{CCE9E6B3-9610-4016-A809-D621F4FB2E2B}.Debug|Any CPU.ActiveCfg = Debug|Any CPU
		{CCE9E6B3-9610-4016-A809-D621F4FB2E2B}.Debug|Any CPU.Build.0 = Debug|Any CPU
		{CCE9E6B3-9610-4016-A809-D621F4FB2E2B}.Release|Any CPU.ActiveCfg = Release|Any CPU
		{CCE9E6B3-9610-4016-A809-D621F4FB2E2B}.Release|Any CPU.Build.0 = Release|Any CPU
	EndGlobalSection
	GlobalSection(SolutionProperties) = preSolution
		HideSolutionNode = FALSE
	EndGlobalSection
	GlobalSection(ExtensibilityGlobals) = postSolution
		SolutionGuid = {882ABC2E-2B8F-42B3-9638-0B465A791A30}
	EndGlobalSection
EndGlobal
